// !$*UTF8*$!
{
	archiveVersion = 1;
	classes = {
	};
	objectVersion = 77;
	objects = {

/* Begin PBXBuildFile section */
		03D677A92F7C471700DC2665 /* CLAUDE.md in Resources */ = {isa = PBXBuildFile; fileRef = 03D677A02F7C471700DC2665 /* CLAUDE.md */; };
		03E1A0012F7D100000DC2665 /* VoiceRaftCore in Frameworks */ = {isa = PBXBuildFile; productRef = 03E1A0032F7D100000DC2665 /* VoiceRaftCore */; };
/* End PBXBuildFile section */

/* Begin PBXFileReference section */
		0392CBA02F7989EA00BE7C17 /* VoiceRaft.app */ = {isa = PBXFileReference; explicitFileType = wrapper.application; includeInIndex = 0; path = VoiceRaft.app; sourceTree = BUILT_PRODUCTS_DIR; };
		03D677A02F7C471700DC2665 /* CLAUDE.md */ = {isa = PBXFileReference; lastKnownFileType = net.daringfireball.markdown; path = CLAUDE.md; sourceTree = "<group>"; };
		03D677A72F7C471700DC2665 /* VoiceRaftCore */ = {isa = PBXFileReference; lastKnownFileType = wrapper; path = VoiceRaftCore; sourceTree = "<group>"; };
/* End PBXFileReference section */

/* Begin PBXFileSystemSynchronizedRootGroup section */
		0392CBA22F7989EA00BE7C17 /* voiceraft */ = {
			isa = PBXFileSystemSynchronizedRootGroup;
			path = voiceraft;
			sourceTree = "<group>";
		};
/* End PBXFileSystemSynchronizedRootGroup section */

/* Begin PBXFrameworksBuildPhase section */
		0392CB9D2F7989EA00BE7C17 /* Frameworks */ = {
			isa = PBXFrameworksBuildPhase;
			buildActionMask = 2147483647;
			files = (
				03E1A0012F7D100000DC2665 /* VoiceRaftCore in Frameworks */,
			);
			runOnlyForDeploymentPostprocessing = 0;
		};
/* End PBXFrameworksBuildPhase section */

/* Begin PBXGroup section */
		0392CB972F7989EA00BE7C17 = {
			isa = PBXGroup;
			children = (
				03D677A02F7C471700DC2665 /* CLAUDE.md */,
				03D677A82F7C471700DC2665 /* Packages */,
				0392CBA22F7989EA00BE7C17 /* voiceraft */,
				0392CBA12F7989EA00BE7C17 /* Products */,
			);
			sourceTree = "<group>";
		};
		0392CBA12F7989EA00BE7C17 /* Products */ = {
			isa = PBXGroup;
			children = (
				0392CBA02F7989EA00BE7C17 /* VoiceRaft.app */,
			);
			name = Products;
			sourceTree = "<group>";
		};
		03D677A82F7C471700DC2665 /* Packages */ = {
			isa = PBXGroup;
			children = (
				03D677A72F7C471700DC2665 /* VoiceRaftCore */,
			);
			path = Packages;
			sourceTree = "<group>";
		};
/* End PBXGroup section */

/* Begin PBXNativeTarget section */
		0392CB9F2F7989EA00BE7C17 /* voiceraft */ = {
			isa = PBXNativeTarget;
			buildConfigurationList = 0392CBA72F7989EA00BE7C17 /* Build configuration list for PBXNativeTarget "voiceraft" */;
			buildPhases = (
				0392CB9C2F7989EA00BE7C17 /* Sources */,
				0392CB9D2F7989EA00BE7C17 /* Frameworks */,
				0392CB9E2F7989EA00BE7C17 /* Resources */,
			);
			buildRules = (
			);
			dependencies = (
			);
			fileSystemSynchronizedGroups = (
				0392CBA22F7989EA00BE7C17 /* voiceraft */,
			);
			name = voiceraft;
			packageProductDependencies = (
				03E1A0032F7D100000DC2665 /* VoiceRaftCore */,
			);
			productName = VoiceRaft;
			productReference = 0392CBA02F7989EA00BE7C17 /* VoiceRaft.app */;
			productType = "com.apple.product-type.application";
		};
/* End PBXNativeTarget section */

/* Begin PBXProject section */
		0392CB982F7989EA00BE7C17 /* Project object */ = {
			isa = PBXProject;
			attributes = {
				BuildIndependentTargetsInParallel = 1;
				LastSwiftUpdateCheck = 2630;
				LastUpgradeCheck = 2630;
				TargetAttributes = {
					0392CB9F2F7989EA00BE7C17 = {
						CreatedOnToolsVersion = 26.3;
					};
				};
			};
			buildConfigurationList = 0392CB9B2F7989EA00BE7C17 /* Build configuration list for PBXProject "voiceraft" */;
			developmentRegion = en;
			hasScannedForEncodings = 0;
			knownRegions = (
				en,
				Base,
			);
			mainGroup = 0392CB972F7989EA00BE7C17;
			minimizedProjectReferenceProxies = 1;
			packageReferences = (
				03E1A0022F7D100000DC2665 /* XCLocalSwiftPackageReference "Packages/VoiceRaftCore" */,
			);
			preferredProjectObjectVersion = 77;
			productRefGroup = 0392CBA12F7989EA00BE7C17 /* Products */;
			projectDirPath = "";
			projectRoot = "";
			targets = (
				0392CB9F2F7989EA00BE7C17 /* voiceraft */,
			);
		};
/* End PBXProject section */

/* Begin PBXResourcesBuildPhase section */
		0392CB9E2F7989EA00BE7C17 /* Resources */ = {
			isa = PBXResourcesBuildPhase;
			buildActionMask = 2147483647;
			files = (
				03D677A92F7C471700DC2665 /* CLAUDE.md in Resources */,
			);
			runOnlyForDeploymentPostprocessing = 0;
		};
/* End PBXResourcesBuildPhase section */

/* Begin PBXSourcesBuildPhase section */
		0392CB9C2F7989EA00BE7C17 /* Sources */ = {
			isa = PBXSourcesBuildPhase;
			buildActionMask = 2147483647;
			files = (
			);
			runOnlyForDeploymentPostprocessing = 0;
		};
/* End PBXSourcesBuildPhase section */

/* Begin XCBuildConfiguration section */
		0392CBA52F7989EA00BE7C17 /* Debug */ = {
			isa = XCBuildConfiguration;
			buildSettings = {
				ALWAYS_SEARCH_USER_PATHS = NO;
				ASSETCATALOG_COMPILER_GENERATE_SWIFT_ASSET_SYMBOL_EXTENSIONS = YES;
				CLANG_ANALYZER_NONNULL = YES;
				CLANG_ANALYZER_NUMBER_OBJECT_CONVERSION = YES_AGGRESSIVE;
				CLANG_CXX_LANGUAGE_STANDARD = "gnu++20";
				CLANG_ENABLE_MODULES = YES;
				CLANG_ENABLE_OBJC_ARC = YES;
				CLANG_ENABLE_OBJC_WEAK = YES;
				CLANG_WARN_BLOCK_CAPTURE_AUTORELEASING = YES;
				CLANG_WARN_BOOL_CONVERSION = YES;
				CLANG_WARN_COMMA = YES;
				CLANG_WARN_CONSTANT_CONVERSION = YES;
				CLANG_WARN_DEPRECATED_OBJC_IMPLEMENTATIONS = YES;
				CLANG_WARN_DIRECT_OBJC_ISA_USAGE = YES_ERROR;
				CLANG_WARN_DOCUMENTATION_COMMENTS = YES;
				CLANG_WARN_EMPTY_BODY = YES;
				CLANG_WARN_ENUM_CONVERSION = YES;
				CLANG_WARN_INFINITE_RECURSION = YES;
				CLANG_WARN_INT_CONVERSION = YES;
				CLANG_WARN_NON_LITERAL_NULL_CONVERSION = YES;
				CLANG_WARN_OBJC_IMPLICIT_RETAIN_SELF = YES;
				CLANG_WARN_OBJC_LITERAL_CONVERSION = YES;
				CLANG_WARN_OBJC_ROOT_CLASS = YES_ERROR;
				CLANG_WARN_QUOTED_INCLUDE_IN_FRAMEWORK_HEADER = YES;
				CLANG_WARN_RANGE_LOOP_ANALYSIS = YES;
				CLANG_WARN_STRICT_PROTOTYPES = YES;
				CLANG_WARN_SUSPICIOUS_MOVE = YES;
				CLANG_WARN_UNGUARDED_AVAILABILITY = YES_AGGRESSIVE;
				CLANG_WARN_UNREACHABLE_CODE = YES;
				CLANG_WARN__DUPLICATE_METHOD_MATCH = YES;
				COPY_PHASE_STRIP = NO;
				DEBUG_INFORMATION_FORMAT = dwarf;
				ENABLE_STRICT_OBJC_MSGSEND = YES;
				ENABLE_TESTABILITY = YES;
				ENABLE_USER_SCRIPT_SANDBOXING = YES;
				GCC_C_LANGUAGE_STANDARD = gnu17;
				GCC_DYNAMIC_NO_PIC = NO;
				GCC_NO_COMMON_BLOCKS = YES;
				GCC_OPTIMIZATION_LEVEL = 0;
				GCC_PREPROCESSOR_DEFINITIONS = (
					"DEBUG=1",
					"$(inherited)",
				);
				GCC_WARN_64_TO_32_BIT_CONVERSION = YES;
				GCC_WARN_ABOUT_RETURN_TYPE = YES_ERROR;
				GCC_WARN_UNDECLARED_SELECTOR = YES;
				GCC_WARN_UNINITIALIZED_AUTOS = YES_AGGRESSIVE;
				GCC_WARN_UNUSED_FUNCTION = YES;
				GCC_WARN_UNUSED_VARIABLE = YES;
				LOCALIZATION_PREFERS_STRING_CATALOGS = YES;
				MACOSX_DEPLOYMENT_TARGET = 26.1;
				MTL_ENABLE_DEBUG_INFO = INCLUDE_SOURCE;
				MTL_FAST_MATH = YES;
				ONLY_ACTIVE_ARCH = YES;
				SDKROOT = macosx;
				SWIFT_ACTIVE_COMPILATION_CONDITIONS = "DEBUG $(inherited)";
				SWIFT_OPTIMIZATION_LEVEL = "-Onone";
			};
			name = Debug;
		};
		0392CBA62F7989EA00BE7C17 /* Release */ = {
			isa = XCBuildConfiguration;
			buildSettings = {
				ALWAYS_SEARCH_USER_PATHS = NO;
				ASSETCATALOG_COMPILER_GENERATE_SWIFT_ASSET_SYMBOL_EXTENSIONS = YES;
				CLANG_ANALYZER_NONNULL = YES;
				CLANG_ANALYZER_NUMBER_OBJECT_CONVERSION = YES_AGGRESSIVE;
				CLANG_CXX_LANGUAGE_STANDARD = "gnu++20";
				CLANG_ENABLE_MODULES = YES;
				CLANG_ENABLE_OBJC_ARC = YES;
				CLANG_ENABLE_OBJC_WEAK = YES;
				CLANG_WARN_BLOCK_CAPTURE_AUTORELEASING = YES;
				CLANG_WARN_BOOL_CONVERSION = YES;
				CLANG_WARN_COMMA = YES;
				CLANG_WARN_CONSTANT_CONVERSION = YES;
				CLANG_WARN_DEPRECATED_OBJC_IMPLEMENTATIONS = YES;
				CLANG_WARN_DIRECT_OBJC_ISA_USAGE = YES_ERROR;
				CLANG_WARN_DOCUMENTATION_COMMENTS = YES;
				CLANG_WARN_EMPTY_BODY = YES;
				CLANG_WARN_ENUM_CONVERSION = YES;
				CLANG_WARN_INFINITE_RECURSION = YES;
				CLANG_WARN_INT_CONVERSION = YES;
				CLANG_WARN_NON_LITERAL_NULL_CONVERSION = YES;
				CLANG_WARN_OBJC_IMPLICIT_RETAIN_SELF = YES;
				CLANG_WARN_OBJC_LITERAL_CONVERSION = YES;
				CLANG_WARN_OBJC_ROOT_CLASS = YES_ERROR;
				CLANG_WARN_QUOTED_INCLUDE_IN_FRAMEWORK_HEADER = YES;
				CLANG_WARN_RANGE_LOOP_ANALYSIS = YES;
				CLANG_WARN_STRICT_PROTOTYPES = YES;
				CLANG_WARN_SUSPICIOUS_MOVE = YES;
				CLANG_WARN_UNGUARDED_AVAILABILITY = YES_AGGRESSIVE;
				CLANG_WARN_UNREACHABLE_CODE = YES;
				CLANG_WARN__DUPLICATE_METHOD_MATCH = YES;
				COPY_PHASE_STRIP = NO;
				DEBUG_INFORMATION_FORMAT = "dwarf-with-dsym";
				ENABLE_NS_ASSERTIONS = NO;
				ENABLE_STRICT_OBJC_MSGSEND = YES;
				ENABLE_USER_SCRIPT_SANDBOXING = YES;
				GCC_C_LANGUAGE_STANDARD = gnu17;
				GCC_NO_COMMON_BLOCKS = YES;
				GCC_WARN_64_TO_32_BIT_CONVERSION = YES;
				GCC_WARN_ABOUT_RETURN_TYPE = YES_ERROR;
				GCC_WARN_UNDECLARED_SELECTOR = YES;
				GCC_WARN_UNINITIALIZED_AUTOS = YES_AGGRESSIVE;
				GCC_WARN_UNUSED_FUNCTION = YES;
				GCC_WARN_UNUSED_VARIABLE = YES;
				LOCALIZATION_PREFERS_STRING_CATALOGS = YES;
				MACOSX_DEPLOYMENT_TARGET = 26.1;
				MTL_ENABLE_DEBUG_INFO = NO;
				MTL_FAST_MATH = YES;
				SDKROOT = macosx;
				SWIFT_COMPILATION_MODE = wholemodule;
			};
			name = Release;
		};
		0392CBA82F7989EA00BE7C17 /* Debug */ = {
			isa = XCBuildConfiguration;
			buildSettings = {
				CODE_SIGN_STYLE = Automatic;
				CURRENT_PROJECT_VERSION = 1;
				GENERATE_INFOPLIST_FILE = YES;
				INFOPLIST_KEY_LSUIElement = YES;
				INFOPLIST_KEY_NSMicrophoneUsageDescription = "VoiceRaft records meeting audio to generate professional meeting notes.";
				INFOPLIST_KEY_NSSpeechRecognitionUsageDescription = "VoiceRaft uses speech recognition to transcribe recorded meetings.";
				MARKETING_VERSION = 1.0;
				PRODUCT_BUNDLE_IDENTIFIER = com.voiceraft.app;
				PRODUCT_NAME = VoiceRaft;
				SWIFT_APPROACHABLE_CONCURRENCY = YES;
				SWIFT_UPCOMING_FEATURE_MEMBER_IMPORT_VISIBILITY = YES;
				SWIFT_VERSION = 5.0;
			};
			name = Debug;
		};
		0392CBA92F7989EA00BE7C17 /* Release */ = {
			isa = XCBuildConfiguration;
			buildSettings = {
				CODE_SIGN_STYLE = Automatic;
				CURRENT_PROJECT_VERSION = 1;
				GENERATE_INFOPLIST_FILE = YES;
				INFOPLIST_KEY_LSUIElement = YES;
				INFOPLIST_KEY_NSMicrophoneUsageDescription = "VoiceRaft records meeting audio to generate professional meeting notes.";
				INFOPLIST_KEY_NSSpeechRecognitionUsageDescription = "VoiceRaft uses speech recognition to transcribe recorded meetings.";
				MARKETING_VERSION = 1.0;
				PRODUCT_BUNDLE_IDENTIFIER = com.voiceraft.app;
				PRODUCT_NAME = VoiceRaft;
				SWIFT_APPROACHABLE_CONCURRENCY = YES;
				SWIFT_UPCOMING_FEATURE_MEMBER_IMPORT_VISIBILITY = YES;
				SWIFT_VERSION = 5.0;
			};
			name = Release;
		};
/* End XCBuildConfiguration section */

/* Begin XCConfigurationList section */
		0392CB9B2F7989EA00BE7C17 /* Build configuration list for PBXProject "voiceraft" */ = {
			isa = XCConfigurationList;
			buildConfigurations = (
				0392CBA52F7989EA00BE7C17 /* Debug */,
				0392CBA62F7989EA00BE7C17 /* Release */,
			);
			defaultConfigurationIsVisible = 0;
			defaultConfigurationName = Release;
		};
		0392CBA72F7989EA00BE7C17 /* Build configuration list for PBXNativeTarget "voiceraft" */ = {
			isa = XCConfigurationList;
			buildConfigurations = (
				0392CBA82F7989EA00BE7C17 /* Debug */,
				0392CBA92F7989EA00BE7C17 /* Release */,
			);
			defaultConfigurationIsVisible = 0;
			defaultConfigurationName = Release;
		};
/* End XCConfigurationList section */

/* Begin XCLocalSwiftPackageReference section */
		03E1A0022F7D100000DC2665 /* XCLocalSwiftPackageReference "Packages/VoiceRaftCore" */ = {
			isa = XCLocalSwiftPackageReference;
			relativePath = Packages/VoiceRaftCore;
		};
/* End XCLocalSwiftPackageReference section */

/* Begin XCSwiftPackageProductDependency section */
		03E1A0032F7D100000DC2665 /* VoiceRaftCore */ = {
			isa = XCSwiftPackageProductDependency;
			package = 03E1A0022F7D100000DC2665 /* XCLocalSwiftPackageReference "Packages/VoiceRaftCore" */;
			productName = VoiceRaftCore;
		};
/* End XCSwiftPackageProductDependency section */
	};
	rootObject = 0392CB982F7989EA00BE7C17 /* Project object */;
}
